
Microsoft Visual Studio Solution File, Format Version 12.00
# Visual Studio Version 17
VisualStudioVersion = 17.3.32929.385
MinimumVisualStudioVersion = 10.0.40219.1
Project("{FAE04EC0-301F-11D3-BF4B-00C04F79EFBC}") = "HalloWelt", "HalloWelt\HalloWelt.csproj", "{48C04F53-A31B-49F6-ADCC-41B1B4DF9A79}"
EndProject
Project("{FAE04EC0-301F-11D3-BF4B-00C04F79EFBC}") = "Variables", "..\Variables\Variables.csproj", "{20EF7CFA-C51E-4708-9B41-4B7F0925A61D}"
EndProject
Global
	GlobalSection(SolutionConfigurationPlatforms) = preSolution
		Debug|Any CPU = Debug|Any CPU
		Release|Any CPU = Release|Any CPU
	EndGlobalSection
	GlobalSection(ProjectConfigurationPlatforms) = postSolution
		{48C04F53-A31B-49F6-ADCC-41B1B4DF9A79}.Debug|Any CPU.ActiveCfg = Debug|Any CPU
		{48C04F53-A31B-49F6-ADCC-41B1B4DF9A79}.Debug|Any CPU.Build.0 = Debug|Any CPU
		{48C04F53-A31B-49F6-ADCC-41B1B4DF9A79}.Release|Any CPU.ActiveCfg = Release|Any CPU
		{48C04F53-A31B-49F6-ADCC-41B1B4DF9A79}.Release|Any CPU.Build.0 = Release|Any CPU
		{20EF7CFA-C51E-4708-9B41-4B7F0925A61D}.Debug|Any CPU.ActiveCfg = Debug|Any CPU
		{20EF7CFA-C51E-4708-9B41-4B7F0925A61D}.Debug|Any CPU.Build.0 = Debug|Any CPU
		{20EF7CFA-C51E-4708-9B41-4B7F0925A61D}.Release|Any CPU.ActiveCfg = Release|Any CPU
		{20EF7CFA-C51E-4708-9B41-4B7F0925A61D}.Release|Any CPU.Build.0 = Release|Any CPU
	EndGlobalSection
	GlobalSection(SolutionProperties) = preSolution
		HideSolutionNode = FALSE
	EndGlobalSection
	GlobalSection(ExtensibilityGlobals) = postSolution
		SolutionGuid = {4C3CCECC-C1FA-42E7-BD09-320CB168CAA3}
	EndGlobalSection
EndGlobal
